
Microsoft Visual Studio Solution File, Format Version 12.00
# Visual Studio Version 16
VisualStudioVersion = 16.0.30330.147
MinimumVisualStudioVersion = 10.0.40219.1
Project("{FAE04EC0-301F-11D3-BF4B-00C04F79EFBC}") = "Calculator", "Calculator\Calculator.csproj", "{BEEBD221-2B7F-49DE-9590-D2BB6A516369}"
EndProject
Global
	GlobalSection(SolutionConfigurationPlatforms) = preSolution
		Debug|Any CPU = Debug|Any CPU
		Release|Any CPU = Release|Any CPU
	EndGlobalSection
	GlobalSection(ProjectConfigurationPlatforms) = postSolution
		{BEEBD221-2B7F-49DE-9590-D2BB6A516369}.Debug|Any CPU.ActiveCfg = Debug|Any CPU
		{BEEBD221-2B7F-49DE-9590-D2BB6A516369}.Debug|Any CPU.Build.0 = Debug|Any CPU
		{BEEBD221-2B7F-49DE-9590-D2BB6A516369}.Release|Any CPU.ActiveCfg = Release|Any CPU
		{BEEBD221-2B7F-49DE-9590-D2BB6A516369}.Release|Any CPU.Build.0 = Release|Any CPU
	EndGlobalSection
	GlobalSection(SolutionProperties) = preSolution
		HideSolutionNode = FALSE
	EndGlobalSection
	GlobalSection(ExtensibilityGlobals) = postSolution
		SolutionGuid = {B0DB4D30-8418-429B-998D-73ED9D88E805}
	EndGlobalSection
EndGlobal
